
Microsoft Visual Studio Solution File, Format Version 12.00
# Visual Studio Version 16
VisualStudioVersion = 16.0.30804.86
MinimumVisualStudioVersion = 10.0.40219.1
Project("{FAE04EC0-301F-11D3-BF4B-00C04F79EFBC}") = "WinWinKorea", "WinWinKorea\WinWinKorea.csproj", "{DBD2A015-567A-46F3-9471-A3F55AEF0ADE}"
EndProject
Global
	GlobalSection(SolutionConfigurationPlatforms) = preSolution
		Debug|Any CPU = Debug|Any CPU
		Release|Any CPU = Release|Any CPU
	EndGlobalSection
	GlobalSection(ProjectConfigurationPlatforms) = postSolution
		{DBD2A015-567A-46F3-9471-A3F55AEF0ADE}.Debug|Any CPU.ActiveCfg = Debug|Any CPU
		{DBD2A015-567A-46F3-9471-A3F55AEF0ADE}.Debug|Any CPU.Build.0 = Debug|Any CPU
		{DBD2A015-567A-46F3-9471-A3F55AEF0ADE}.Release|Any CPU.ActiveCfg = Release|Any CPU
		{DBD2A015-567A-46F3-9471-A3F55AEF0ADE}.Release|Any CPU.Build.0 = Release|Any CPU
	EndGlobalSection
	GlobalSection(SolutionProperties) = preSolution
		HideSolutionNode = FALSE
	EndGlobalSection
	GlobalSection(ExtensibilityGlobals) = postSolution
		SolutionGuid = {0E27AD7F-4554-40A2-900A-09FE328BCF81}
	EndGlobalSection
EndGlobal
